{
  "originHash" : "8ae1420751cd142c6e4ccaae6cb226bd6e4cdc582c54c69cdab7c11694529c2c",
  "pins" : [
    {
      "identity" : "alamofire",
      "kind" : "remoteSourceControl",
      "location" : "https://github.com/Alamofire/Alamofire",
      "state" : {
        "revision" : "513364f870f6bfc468f9d2ff0a95caccc10044c5",
        "version" : "5.10.2"
      }
    },
    {
      "identity" : "infrasharedmealsapp",
      "kind" : "remoteSourceControl",
      "location" : "https://github.com/nunutech40/InfraSharedMealsApp.git",
      "state" : {
        "revision" : "3609a972a42fe3608fae360256be031c02616c20",
        "version" : "1.0.1"
      }
    },
    {
      "identity" : "mealsappcategory",
      "kind" : "remoteSourceControl",
      "location" : "https://github.com/nunutech40/MealsAppCategory",
      "state" : {
        "revision" : "715273534584e48db01773c3669fee63f27ea487",
        "version" : "1.0.2"
      }
    },
    {
      "identity" : "mealsappcommon",
      "kind" : "remoteSourceControl",
      "location" : "https://github.com/nunutech40/MealsAppCommon",
      "state" : {
        "revision" : "fd06cb4f79d8d02d5b121c0f17bc2a6d91c841c2",
        "version" : "1.0.0"
      }
    },
    {
      "identity" : "mealsappcore",
      "kind" : "remoteSourceControl",
      "location" : "https://github.com/nunutech40/MealsAppCore",
      "state" : {
        "revision" : "92aa5581eac356a98c70fa4c49c6d055710eceb6",
        "version" : "1.0.1"
      }
    },
    {
      "identity" : "mealsappmeal",
      "kind" : "remoteSourceControl",
      "location" : "https://github.com/nunutech40/MealsAppMeal",
      "state" : {
        "revision" : "4c0aa70a241a063c4b89865bbbe875f0ecd522b3",
        "version" : "1.0.0"
      }
    },
    {
      "identity" : "realm-core",
      "kind" : "remoteSourceControl",
      "location" : "https://github.com/realm/realm-core.git",
      "state" : {
        "revision" : "cccb3ca9e26ec452a29f2f0d4050d1e38b8a3d43",
        "version" : "14.14.0"
      }
    },
    {
      "identity" : "realm-swift",
      "kind" : "remoteSourceControl",
      "location" : "https://github.com/realm/realm-swift",
      "state" : {
        "branch" : "master",
        "revision" : "5fcba6408c99eb3596bf5ae148bfc1a33b5adebd"
      }
    },
    {
      "identity" : "swiftui-cached-async-image",
      "kind" : "remoteSourceControl",
      "location" : "https://github.com/lorenzofiamingo/swiftui-cached-async-image",
      "state" : {
        "revision" : "467a3d17479887943ab917a379e62bbaff60ac8a",
        "version" : "2.1.1"
      }
    }
  ],
  "version" : 3
}
