// !$*UTF8*$!
{
	archiveVersion = 1;
	classes = {
	};
	objectVersion = 77;
	objects = {

/* Begin PBXBuildFile section */
		392C79C12D09E3F5B8189857 /* Pods_MealsApp_MealsAppUITests.framework in Frameworks */ = {isa = PBXBuildFile; fileRef = D3AD9DAB99E60C43C58878C5 /* Pods_MealsApp_MealsAppUITests.framework */; };
		A00E5E2D2E4F003B009B5564 /* Alamofire in Frameworks */ = {isa = PBXBuildFile; productRef = A00E5E2C2E4F003B009B5564 /* Alamofire */; };
		A00E5EB62E504854009B5564 /* RealmSwift in Frameworks */ = {isa = PBXBuildFile; productRef = A00E5EB52E504854009B5564 /* RealmSwift */; };
		A00EF6892E9FA03E00411337 /* Meal in Frameworks */ = {isa = PBXBuildFile; productRef = A00EF6882E9FA03E00411337 /* Meal */; };
		A0A37E172E9CEA9F002606C0 /* codemagic.yaml in Resources */ = {isa = PBXBuildFile; fileRef = A0A37E162E9CEA9F002606C0 /* codemagic.yaml */; };
		A0A982CE2E7A9B2F00ED6C7A /* CachedAsyncImage in Frameworks */ = {isa = PBXBuildFile; productRef = A0A982CD2E7A9B2F00ED6C7A /* CachedAsyncImage */; };
		A0C53AC02E950171003BF52C /* Core in Frameworks */ = {isa = PBXBuildFile; productRef = A0C53ABF2E950171003BF52C /* Core */; };
		A0C53AC22E950176003BF52C /* Category in Frameworks */ = {isa = PBXBuildFile; productRef = A0C53AC12E950176003BF52C /* Category */; };
		DDF8996E9C9C377C21512C9D /* Pods_MealsApp.framework in Frameworks */ = {isa = PBXBuildFile; fileRef = 536058D877315C68C1314179 /* Pods_MealsApp.framework */; };
		DF6099D09AB086254B3D3015 /* Pods_MealsAppTests.framework in Frameworks */ = {isa = PBXBuildFile; fileRef = 5C6A735B126B27FB1E441CB5 /* Pods_MealsAppTests.framework */; };
/* End PBXBuildFile section */

/* Begin PBXContainerItemProxy section */
		A05E50052E49C923005A1DE2 /* PBXContainerItemProxy */ = {
			isa = PBXContainerItemProxy;
			containerPortal = A05E4FEC2E49C921005A1DE2 /* Project object */;
			proxyType = 1;
			remoteGlobalIDString = A05E4FF32E49C921005A1DE2;
			remoteInfo = MealsApp;
		};
		A05E500F2E49C923005A1DE2 /* PBXContainerItemProxy */ = {
			isa = PBXContainerItemProxy;
			containerPortal = A05E4FEC2E49C921005A1DE2 /* Project object */;
			proxyType = 1;
			remoteGlobalIDString = A05E4FF32E49C921005A1DE2;
			remoteInfo = MealsApp;
		};
/* End PBXContainerItemProxy section */

/* Begin PBXFileReference section */
		1A9137B33123A248A52D1444 /* Pods-MealsApp.debug.xcconfig */ = {isa = PBXFileReference; includeInIndex = 1; lastKnownFileType = text.xcconfig; name = "Pods-MealsApp.debug.xcconfig"; path = "Target Support Files/Pods-MealsApp/Pods-MealsApp.debug.xcconfig"; sourceTree = "<group>"; };
		2AAE031F30AFE6E3BBD7FAFA /* Pods-MealsApp.release.xcconfig */ = {isa = PBXFileReference; includeInIndex = 1; lastKnownFileType = text.xcconfig; name = "Pods-MealsApp.release.xcconfig"; path = "Target Support Files/Pods-MealsApp/Pods-MealsApp.release.xcconfig"; sourceTree = "<group>"; };
		3B45C0345755852588FB10A0 /* Pods-MealsAppTests.release.xcconfig */ = {isa = PBXFileReference; includeInIndex = 1; lastKnownFileType = text.xcconfig; name = "Pods-MealsAppTests.release.xcconfig"; path = "Target Support Files/Pods-MealsAppTests/Pods-MealsAppTests.release.xcconfig"; sourceTree = "<group>"; };
		536058D877315C68C1314179 /* Pods_MealsApp.framework */ = {isa = PBXFileReference; explicitFileType = wrapper.framework; includeInIndex = 0; path = Pods_MealsApp.framework; sourceTree = BUILT_PRODUCTS_DIR; };
		5C6A735B126B27FB1E441CB5 /* Pods_MealsAppTests.framework */ = {isa = PBXFileReference; explicitFileType = wrapper.framework; includeInIndex = 0; path = Pods_MealsAppTests.framework; sourceTree = BUILT_PRODUCTS_DIR; };
		A05E4FF42E49C921005A1DE2 /* MealsApp.app */ = {isa = PBXFileReference; explicitFileType = wrapper.application; includeInIndex = 0; path = MealsApp.app; sourceTree = BUILT_PRODUCTS_DIR; };
		A05E50042E49C923005A1DE2 /* MealsAppTests.xctest */ = {isa = PBXFileReference; explicitFileType = wrapper.cfbundle; includeInIndex = 0; path = MealsAppTests.xctest; sourceTree = BUILT_PRODUCTS_DIR; };
		A05E500E2E49C923005A1DE2 /* MealsAppUITests.xctest */ = {isa = PBXFileReference; explicitFileType = wrapper.cfbundle; includeInIndex = 0; path = MealsAppUITests.xctest; sourceTree = BUILT_PRODUCTS_DIR; };
		A0A37E162E9CEA9F002606C0 /* codemagic.yaml */ = {isa = PBXFileReference; lastKnownFileType = text.yaml; path = codemagic.yaml; sourceTree = "<group>"; };
		D3AD9DAB99E60C43C58878C5 /* Pods_MealsApp_MealsAppUITests.framework */ = {isa = PBXFileReference; explicitFileType = wrapper.framework; includeInIndex = 0; path = Pods_MealsApp_MealsAppUITests.framework; sourceTree = BUILT_PRODUCTS_DIR; };
		E10FE8E7DD46E8E2AB4C1577 /* Pods-MealsApp-MealsAppUITests.debug.xcconfig */ = {isa = PBXFileReference; includeInIndex = 1; lastKnownFileType = text.xcconfig; name = "Pods-MealsApp-MealsAppUITests.debug.xcconfig"; path = "Target Support Files/Pods-MealsApp-MealsAppUITests/Pods-MealsApp-MealsAppUITests.debug.xcconfig"; sourceTree = "<group>"; };
		EB79EB26B2CF069750D7DBED /* Pods-MealsAppTests.debug.xcconfig */ = {isa = PBXFileReference; includeInIndex = 1; lastKnownFileType = text.xcconfig; name = "Pods-MealsAppTests.debug.xcconfig"; path = "Target Support Files/Pods-MealsAppTests/Pods-MealsAppTests.debug.xcconfig"; sourceTree = "<group>"; };
		FB8F6DA96AA98A50A959785D /* Pods-MealsApp-MealsAppUITests.release.xcconfig */ = {isa = PBXFileReference; includeInIndex = 1; lastKnownFileType = text.xcconfig; name = "Pods-MealsApp-MealsAppUITests.release.xcconfig"; path = "Target Support Files/Pods-MealsApp-MealsAppUITests/Pods-MealsApp-MealsAppUITests.release.xcconfig"; sourceTree = "<group>"; };
/* End PBXFileReference section */

/* Begin PBXFileSystemSynchronizedBuildFileExceptionSet section */
		A0A982CB2E7A9AB900ED6C7A /* Exceptions for "MealsApp" folder in "MealsApp" target */ = {
			isa = PBXFileSystemSynchronizedBuildFileExceptionSet;
			membershipExceptions = (
				Info.plist,
			);
			target = A05E4FF32E49C921005A1DE2 /* MealsApp */;
		};
/* End PBXFileSystemSynchronizedBuildFileExceptionSet section */

/* Begin PBXFileSystemSynchronizedRootGroup section */
		A05E4FF62E49C921005A1DE2 /* MealsApp */ = {
			isa = PBXFileSystemSynchronizedRootGroup;
			exceptions = (
				A0A982CB2E7A9AB900ED6C7A /* Exceptions for "MealsApp" folder in "MealsApp" target */,
			);
			path = MealsApp;
			sourceTree = "<group>";
		};
		A05E50072E49C923005A1DE2 /* MealsAppTests */ = {
			isa = PBXFileSystemSynchronizedRootGroup;
			path = MealsAppTests;
			sourceTree = "<group>";
		};
		A05E50112E49C923005A1DE2 /* MealsAppUITests */ = {
			isa = PBXFileSystemSynchronizedRootGroup;
			path = MealsAppUITests;
			sourceTree = "<group>";
		};
/* End PBXFileSystemSynchronizedRootGroup section */

/* Begin PBXFrameworksBuildPhase section */
		A05E4FF12E49C921005A1DE2 /* Frameworks */ = {
			isa = PBXFrameworksBuildPhase;
			buildActionMask = 2147483647;
			files = (
				A00E5EB62E504854009B5564 /* RealmSwift in Frameworks */,
				A00EF6892E9FA03E00411337 /* Meal in Frameworks */,
				A0A982CE2E7A9B2F00ED6C7A /* CachedAsyncImage in Frameworks */,
				A0C53AC22E950176003BF52C /* Category in Frameworks */,
				A00E5E2D2E4F003B009B5564 /* Alamofire in Frameworks */,
				A0C53AC02E950171003BF52C /* Core in Frameworks */,
				DDF8996E9C9C377C21512C9D /* Pods_MealsApp.framework in Frameworks */,
			);
			runOnlyForDeploymentPostprocessing = 0;
		};
		A05E50012E49C923005A1DE2 /* Frameworks */ = {
			isa = PBXFrameworksBuildPhase;
			buildActionMask = 2147483647;
			files = (
				DF6099D09AB086254B3D3015 /* Pods_MealsAppTests.framework in Frameworks */,
			);
			runOnlyForDeploymentPostprocessing = 0;
		};
		A05E500B2E49C923005A1DE2 /* Frameworks */ = {
			isa = PBXFrameworksBuildPhase;
			buildActionMask = 2147483647;
			files = (
				392C79C12D09E3F5B8189857 /* Pods_MealsApp_MealsAppUITests.framework in Frameworks */,
			);
			runOnlyForDeploymentPostprocessing = 0;
		};
/* End PBXFrameworksBuildPhase section */

/* Begin PBXGroup section */
		A05E4FEB2E49C921005A1DE2 = {
			isa = PBXGroup;
			children = (
				A0A37E162E9CEA9F002606C0 /* codemagic.yaml */,
				A05E4FF62E49C921005A1DE2 /* MealsApp */,
				A05E50072E49C923005A1DE2 /* MealsAppTests */,
				A05E50112E49C923005A1DE2 /* MealsAppUITests */,
				A05E4FF52E49C921005A1DE2 /* Products */,
				A0E3AC89A9D4149BAA5BD00E /* Pods */,
				D358925B16407E5DAFE256DE /* Frameworks */,
			);
			sourceTree = "<group>";
		};
		A05E4FF52E49C921005A1DE2 /* Products */ = {
			isa = PBXGroup;
			children = (
				A05E4FF42E49C921005A1DE2 /* MealsApp.app */,
				A05E50042E49C923005A1DE2 /* MealsAppTests.xctest */,
				A05E500E2E49C923005A1DE2 /* MealsAppUITests.xctest */,
			);
			name = Products;
			sourceTree = "<group>";
		};
		A0E3AC89A9D4149BAA5BD00E /* Pods */ = {
			isa = PBXGroup;
			children = (
				1A9137B33123A248A52D1444 /* Pods-MealsApp.debug.xcconfig */,
				2AAE031F30AFE6E3BBD7FAFA /* Pods-MealsApp.release.xcconfig */,
				E10FE8E7DD46E8E2AB4C1577 /* Pods-MealsApp-MealsAppUITests.debug.xcconfig */,
				FB8F6DA96AA98A50A959785D /* Pods-MealsApp-MealsAppUITests.release.xcconfig */,
				EB79EB26B2CF069750D7DBED /* Pods-MealsAppTests.debug.xcconfig */,
				3B45C0345755852588FB10A0 /* Pods-MealsAppTests.release.xcconfig */,
			);
			path = Pods;
			sourceTree = "<group>";
		};
		D358925B16407E5DAFE256DE /* Frameworks */ = {
			isa = PBXGroup;
			children = (
				536058D877315C68C1314179 /* Pods_MealsApp.framework */,
				D3AD9DAB99E60C43C58878C5 /* Pods_MealsApp_MealsAppUITests.framework */,
				5C6A735B126B27FB1E441CB5 /* Pods_MealsAppTests.framework */,
			);
			name = Frameworks;
			sourceTree = "<group>";
		};
/* End PBXGroup section */

/* Begin PBXNativeTarget section */
		A05E4FF32E49C921005A1DE2 /* MealsApp */ = {
			isa = PBXNativeTarget;
			buildConfigurationList = A05E50182E49C923005A1DE2 /* Build configuration list for PBXNativeTarget "MealsApp" */;
			buildPhases = (
				ABB9B0B2EE5F7F7E1F1E04F2 /* [CP] Check Pods Manifest.lock */,
				A05E4FF02E49C921005A1DE2 /* Sources */,
				A05E4FF12E49C921005A1DE2 /* Frameworks */,
				A05E4FF22E49C921005A1DE2 /* Resources */,
			);
			buildRules = (
			);
			dependencies = (
			);
			fileSystemSynchronizedGroups = (
				A05E4FF62E49C921005A1DE2 /* MealsApp */,
			);
			name = MealsApp;
			packageProductDependencies = (
				A00E5E2C2E4F003B009B5564 /* Alamofire */,
				A00E5EB52E504854009B5564 /* RealmSwift */,
				A0A982CD2E7A9B2F00ED6C7A /* CachedAsyncImage */,
				A0C53ABF2E950171003BF52C /* Core */,
				A0C53AC12E950176003BF52C /* Category */,
				A00EF6882E9FA03E00411337 /* Meal */,
			);
			productName = MealsApp;
			productReference = A05E4FF42E49C921005A1DE2 /* MealsApp.app */;
			productType = "com.apple.product-type.application";
		};
		A05E50032E49C923005A1DE2 /* MealsAppTests */ = {
			isa = PBXNativeTarget;
			buildConfigurationList = A05E501B2E49C923005A1DE2 /* Build configuration list for PBXNativeTarget "MealsAppTests" */;
			buildPhases = (
				BB19D5D19359706F8E81B7DE /* [CP] Check Pods Manifest.lock */,
				A05E50002E49C923005A1DE2 /* Sources */,
				A05E50012E49C923005A1DE2 /* Frameworks */,
				A05E50022E49C923005A1DE2 /* Resources */,
			);
			buildRules = (
			);
			dependencies = (
				A05E50062E49C923005A1DE2 /* PBXTargetDependency */,
			);
			fileSystemSynchronizedGroups = (
				A05E50072E49C923005A1DE2 /* MealsAppTests */,
			);
			name = MealsAppTests;
			productName = MealsAppTests;
			productReference = A05E50042E49C923005A1DE2 /* MealsAppTests.xctest */;
			productType = "com.apple.product-type.bundle.unit-test";
		};
		A05E500D2E49C923005A1DE2 /* MealsAppUITests */ = {
			isa = PBXNativeTarget;
			buildConfigurationList = A05E501E2E49C923005A1DE2 /* Build configuration list for PBXNativeTarget "MealsAppUITests" */;
			buildPhases = (
				497C9315156388EF4D64EEB7 /* [CP] Check Pods Manifest.lock */,
				A05E500A2E49C923005A1DE2 /* Sources */,
				A05E500B2E49C923005A1DE2 /* Frameworks */,
				A05E500C2E49C923005A1DE2 /* Resources */,
			);
			buildRules = (
			);
			dependencies = (
				A05E50102E49C923005A1DE2 /* PBXTargetDependency */,
			);
			fileSystemSynchronizedGroups = (
				A05E50112E49C923005A1DE2 /* MealsAppUITests */,
			);
			name = MealsAppUITests;
			productName = MealsAppUITests;
			productReference = A05E500E2E49C923005A1DE2 /* MealsAppUITests.xctest */;
			productType = "com.apple.product-type.bundle.ui-testing";
		};
/* End PBXNativeTarget section */

/* Begin PBXProject section */
		A05E4FEC2E49C921005A1DE2 /* Project object */ = {
			isa = PBXProject;
			attributes = {
				BuildIndependentTargetsInParallel = 1;
				LastSwiftUpdateCheck = 1620;
				LastUpgradeCheck = 1620;
				TargetAttributes = {
					A05E4FF32E49C921005A1DE2 = {
						CreatedOnToolsVersion = 16.2;
					};
					A05E50032E49C923005A1DE2 = {
						CreatedOnToolsVersion = 16.2;
						TestTargetID = A05E4FF32E49C921005A1DE2;
					};
					A05E500D2E49C923005A1DE2 = {
						CreatedOnToolsVersion = 16.2;
						TestTargetID = A05E4FF32E49C921005A1DE2;
					};
				};
			};
			buildConfigurationList = A05E4FEF2E49C921005A1DE2 /* Build configuration list for PBXProject "MealsApp" */;
			developmentRegion = en;
			hasScannedForEncodings = 0;
			knownRegions = (
				en,
				Base,
			);
			mainGroup = A05E4FEB2E49C921005A1DE2;
			minimizedProjectReferenceProxies = 1;
			packageReferences = (
				A00E5DE02E4EFFAD009B5564 /* XCRemoteSwiftPackageReference "Alamofire" */,
				A00E5EB42E504854009B5564 /* XCRemoteSwiftPackageReference "realm-swift" */,
				A0A982CC2E7A9B2F00ED6C7A /* XCRemoteSwiftPackageReference "swiftui-cached-async-image" */,
				A0C538D42E94FC08003BF52C /* XCLocalSwiftPackageReference "../Modules/Core" */,
				A0C538D52E94FC32003BF52C /* XCLocalSwiftPackageReference "../Modules/Category" */,
				A00EF6872E9FA03E00411337 /* XCLocalSwiftPackageReference "../Modules/Meal" */,
			);
			preferredProjectObjectVersion = 77;
			productRefGroup = A05E4FF52E49C921005A1DE2 /* Products */;
			projectDirPath = "";
			projectRoot = "";
			targets = (
				A05E4FF32E49C921005A1DE2 /* MealsApp */,
				A05E50032E49C923005A1DE2 /* MealsAppTests */,
				A05E500D2E49C923005A1DE2 /* MealsAppUITests */,
			);
		};
/* End PBXProject section */

/* Begin PBXResourcesBuildPhase section */
		A05E4FF22E49C921005A1DE2 /* Resources */ = {
			isa = PBXResourcesBuildPhase;
			buildActionMask = 2147483647;
			files = (
				A0A37E172E9CEA9F002606C0 /* codemagic.yaml in Resources */,
			);
			runOnlyForDeploymentPostprocessing = 0;
		};
		A05E50022E49C923005A1DE2 /* Resources */ = {
			isa = PBXResourcesBuildPhase;
			buildActionMask = 2147483647;
			files = (
			);
			runOnlyForDeploymentPostprocessing = 0;
		};
		A05E500C2E49C923005A1DE2 /* Resources */ = {
			isa = PBXResourcesBuildPhase;
			buildActionMask = 2147483647;
			files = (
			);
			runOnlyForDeploymentPostprocessing = 0;
		};
/* End PBXResourcesBuildPhase section */

/* Begin PBXShellScriptBuildPhase section */
		497C9315156388EF4D64EEB7 /* [CP] Check Pods Manifest.lock */ = {
			isa = PBXShellScriptBuildPhase;
			buildActionMask = 2147483647;
			files = (
			);
			inputFileListPaths = (
			);
			inputPaths = (
				"${PODS_PODFILE_DIR_PATH}/Podfile.lock",
				"${PODS_ROOT}/Manifest.lock",
			);
			name = "[CP] Check Pods Manifest.lock";
			outputFileListPaths = (
			);
			outputPaths = (
				"$(DERIVED_FILE_DIR)/Pods-MealsApp-MealsAppUITests-checkManifestLockResult.txt",
			);
			runOnlyForDeploymentPostprocessing = 0;
			shellPath = /bin/sh;
			shellScript = "diff \"${PODS_PODFILE_DIR_PATH}/Podfile.lock\" \"${PODS_ROOT}/Manifest.lock\" > /dev/null\nif [ $? != 0 ] ; then\n    # print error to STDERR\n    echo \"error: The sandbox is not in sync with the Podfile.lock. Run 'pod install' or update your CocoaPods installation.\" >&2\n    exit 1\nfi\n# This output is used by Xcode 'outputs' to avoid re-running this script phase.\necho \"SUCCESS\" > \"${SCRIPT_OUTPUT_FILE_0}\"\n";
			showEnvVarsInLog = 0;
		};
		ABB9B0B2EE5F7F7E1F1E04F2 /* [CP] Check Pods Manifest.lock */ = {
			isa = PBXShellScriptBuildPhase;
			buildActionMask = 2147483647;
			files = (
			);
			inputFileListPaths = (
			);
			inputPaths = (
				"${PODS_PODFILE_DIR_PATH}/Podfile.lock",
				"${PODS_ROOT}/Manifest.lock",
			);
			name = "[CP] Check Pods Manifest.lock";
			outputFileListPaths = (
			);
			outputPaths = (
				"$(DERIVED_FILE_DIR)/Pods-MealsApp-checkManifestLockResult.txt",
			);
			runOnlyForDeploymentPostprocessing = 0;
			shellPath = /bin/sh;
			shellScript = "diff \"${PODS_PODFILE_DIR_PATH}/Podfile.lock\" \"${PODS_ROOT}/Manifest.lock\" > /dev/null\nif [ $? != 0 ] ; then\n    # print error to STDERR\n    echo \"error: The sandbox is not in sync with the Podfile.lock. Run 'pod install' or update your CocoaPods installation.\" >&2\n    exit 1\nfi\n# This output is used by Xcode 'outputs' to avoid re-running this script phase.\necho \"SUCCESS\" > \"${SCRIPT_OUTPUT_FILE_0}\"\n";
			showEnvVarsInLog = 0;
		};
		BB19D5D19359706F8E81B7DE /* [CP] Check Pods Manifest.lock */ = {
			isa = PBXShellScriptBuildPhase;
			buildActionMask = 2147483647;
			files = (
			);
			inputFileListPaths = (
			);
			inputPaths = (
				"${PODS_PODFILE_DIR_PATH}/Podfile.lock",
				"${PODS_ROOT}/Manifest.lock",
			);
			name = "[CP] Check Pods Manifest.lock";
			outputFileListPaths = (
			);
			outputPaths = (
				"$(DERIVED_FILE_DIR)/Pods-MealsAppTests-checkManifestLockResult.txt",
			);
			runOnlyForDeploymentPostprocessing = 0;
			shellPath = /bin/sh;
			shellScript = "diff \"${PODS_PODFILE_DIR_PATH}/Podfile.lock\" \"${PODS_ROOT}/Manifest.lock\" > /dev/null\nif [ $? != 0 ] ; then\n    # print error to STDERR\n    echo \"error: The sandbox is not in sync with the Podfile.lock. Run 'pod install' or update your CocoaPods installation.\" >&2\n    exit 1\nfi\n# This output is used by Xcode 'outputs' to avoid re-running this script phase.\necho \"SUCCESS\" > \"${SCRIPT_OUTPUT_FILE_0}\"\n";
			showEnvVarsInLog = 0;
		};
/* End PBXShellScriptBuildPhase section */

/* Begin PBXSourcesBuildPhase section */
		A05E4FF02E49C921005A1DE2 /* Sources */ = {
			isa = PBXSourcesBuildPhase;
			buildActionMask = 2147483647;
			files = (
			);
			runOnlyForDeploymentPostprocessing = 0;
		};
		A05E50002E49C923005A1DE2 /* Sources */ = {
			isa = PBXSourcesBuildPhase;
			buildActionMask = 2147483647;
			files = (
			);
			runOnlyForDeploymentPostprocessing = 0;
		};
		A05E500A2E49C923005A1DE2 /* Sources */ = {
			isa = PBXSourcesBuildPhase;
			buildActionMask = 2147483647;
			files = (
			);
			runOnlyForDeploymentPostprocessing = 0;
		};
/* End PBXSourcesBuildPhase section */

/* Begin PBXTargetDependency section */
		A05E50062E49C923005A1DE2 /* PBXTargetDependency */ = {
			isa = PBXTargetDependency;
			target = A05E4FF32E49C921005A1DE2 /* MealsApp */;
			targetProxy = A05E50052E49C923005A1DE2 /* PBXContainerItemProxy */;
		};
		A05E50102E49C923005A1DE2 /* PBXTargetDependency */ = {
			isa = PBXTargetDependency;
			target = A05E4FF32E49C921005A1DE2 /* MealsApp */;
			targetProxy = A05E500F2E49C923005A1DE2 /* PBXContainerItemProxy */;
		};
/* End PBXTargetDependency section */

/* Begin XCBuildConfiguration section */
		A05E50162E49C923005A1DE2 /* Debug */ = {
			isa = XCBuildConfiguration;
			buildSettings = {
				ALWAYS_SEARCH_USER_PATHS = NO;
				ASSETCATALOG_COMPILER_GENERATE_SWIFT_ASSET_SYMBOL_EXTENSIONS = YES;
				CLANG_ANALYZER_NONNULL = YES;
				CLANG_ANALYZER_NUMBER_OBJECT_CONVERSION = YES_AGGRESSIVE;
				CLANG_CXX_LANGUAGE_STANDARD = "gnu++20";
				CLANG_ENABLE_MODULES = YES;
				CLANG_ENABLE_OBJC_ARC = YES;
				CLANG_ENABLE_OBJC_WEAK = YES;
				CLANG_WARN_BLOCK_CAPTURE_AUTORELEASING = YES;
				CLANG_WARN_BOOL_CONVERSION = YES;
				CLANG_WARN_COMMA = YES;
				CLANG_WARN_CONSTANT_CONVERSION = YES;
				CLANG_WARN_DEPRECATED_OBJC_IMPLEMENTATIONS = YES;
				CLANG_WARN_DIRECT_OBJC_ISA_USAGE = YES_ERROR;
				CLANG_WARN_DOCUMENTATION_COMMENTS = YES;
				CLANG_WARN_EMPTY_BODY = YES;
				CLANG_WARN_ENUM_CONVERSION = YES;
				CLANG_WARN_INFINITE_RECURSION = YES;
				CLANG_WARN_INT_CONVERSION = YES;
				CLANG_WARN_NON_LITERAL_NULL_CONVERSION = YES;
				CLANG_WARN_OBJC_IMPLICIT_RETAIN_SELF = YES;
				CLANG_WARN_OBJC_LITERAL_CONVERSION = YES;
				CLANG_WARN_OBJC_ROOT_CLASS = YES_ERROR;
				CLANG_WARN_QUOTED_INCLUDE_IN_FRAMEWORK_HEADER = YES;
				CLANG_WARN_RANGE_LOOP_ANALYSIS = YES;
				CLANG_WARN_STRICT_PROTOTYPES = YES;
				CLANG_WARN_SUSPICIOUS_MOVE = YES;
				CLANG_WARN_UNGUARDED_AVAILABILITY = YES_AGGRESSIVE;
				CLANG_WARN_UNREACHABLE_CODE = YES;
				CLANG_WARN__DUPLICATE_METHOD_MATCH = YES;
				COPY_PHASE_STRIP = NO;
				DEBUG_INFORMATION_FORMAT = dwarf;
				ENABLE_STRICT_OBJC_MSGSEND = YES;
				ENABLE_TESTABILITY = YES;
				ENABLE_USER_SCRIPT_SANDBOXING = YES;
				GCC_C_LANGUAGE_STANDARD = gnu17;
				GCC_DYNAMIC_NO_PIC = NO;
				GCC_NO_COMMON_BLOCKS = YES;
				GCC_OPTIMIZATION_LEVEL = 0;
				GCC_PREPROCESSOR_DEFINITIONS = (
					"DEBUG=1",
					"$(inherited)",
				);
				GCC_WARN_64_TO_32_BIT_CONVERSION = YES;
				GCC_WARN_ABOUT_RETURN_TYPE = YES_ERROR;
				GCC_WARN_UNDECLARED_SELECTOR = YES;
				GCC_WARN_UNINITIALIZED_AUTOS = YES_AGGRESSIVE;
				GCC_WARN_UNUSED_FUNCTION = YES;
				GCC_WARN_UNUSED_VARIABLE = YES;
				IPHONEOS_DEPLOYMENT_TARGET = 18.2;
				LOCALIZATION_PREFERS_STRING_CATALOGS = YES;
				MTL_ENABLE_DEBUG_INFO = INCLUDE_SOURCE;
				MTL_FAST_MATH = YES;
				ONLY_ACTIVE_ARCH = YES;
				SDKROOT = iphoneos;
				SWIFT_ACTIVE_COMPILATION_CONDITIONS = "DEBUG $(inherited)";
				SWIFT_OPTIMIZATION_LEVEL = "-Onone";
			};
			name = Debug;
		};
		A05E50172E49C923005A1DE2 /* Release */ = {
			isa = XCBuildConfiguration;
			buildSettings = {
				ALWAYS_SEARCH_USER_PATHS = NO;
				ASSETCATALOG_COMPILER_GENERATE_SWIFT_ASSET_SYMBOL_EXTENSIONS = YES;
				CLANG_ANALYZER_NONNULL = YES;
				CLANG_ANALYZER_NUMBER_OBJECT_CONVERSION = YES_AGGRESSIVE;
				CLANG_CXX_LANGUAGE_STANDARD = "gnu++20";
				CLANG_ENABLE_MODULES = YES;
				CLANG_ENABLE_OBJC_ARC = YES;
				CLANG_ENABLE_OBJC_WEAK = YES;
				CLANG_WARN_BLOCK_CAPTURE_AUTORELEASING = YES;
				CLANG_WARN_BOOL_CONVERSION = YES;
				CLANG_WARN_COMMA = YES;
				CLANG_WARN_CONSTANT_CONVERSION = YES;
				CLANG_WARN_DEPRECATED_OBJC_IMPLEMENTATIONS = YES;
				CLANG_WARN_DIRECT_OBJC_ISA_USAGE = YES_ERROR;
				CLANG_WARN_DOCUMENTATION_COMMENTS = YES;
				CLANG_WARN_EMPTY_BODY = YES;
				CLANG_WARN_ENUM_CONVERSION = YES;
				CLANG_WARN_INFINITE_RECURSION = YES;
				CLANG_WARN_INT_CONVERSION = YES;
				CLANG_WARN_NON_LITERAL_NULL_CONVERSION = YES;
				CLANG_WARN_OBJC_IMPLICIT_RETAIN_SELF = YES;
				CLANG_WARN_OBJC_LITERAL_CONVERSION = YES;
				CLANG_WARN_OBJC_ROOT_CLASS = YES_ERROR;
				CLANG_WARN_QUOTED_INCLUDE_IN_FRAMEWORK_HEADER = YES;
				CLANG_WARN_RANGE_LOOP_ANALYSIS = YES;
				CLANG_WARN_STRICT_PROTOTYPES = YES;
				CLANG_WARN_SUSPICIOUS_MOVE = YES;
				CLANG_WARN_UNGUARDED_AVAILABILITY = YES_AGGRESSIVE;
				CLANG_WARN_UNREACHABLE_CODE = YES;
				CLANG_WARN__DUPLICATE_METHOD_MATCH = YES;
				COPY_PHASE_STRIP = NO;
				DEBUG_INFORMATION_FORMAT = "dwarf-with-dsym";
				ENABLE_NS_ASSERTIONS = NO;
				ENABLE_STRICT_OBJC_MSGSEND = YES;
				ENABLE_USER_SCRIPT_SANDBOXING = YES;
				GCC_C_LANGUAGE_STANDARD = gnu17;
				GCC_NO_COMMON_BLOCKS = YES;
				GCC_WARN_64_TO_32_BIT_CONVERSION = YES;
				GCC_WARN_ABOUT_RETURN_TYPE = YES_ERROR;
				GCC_WARN_UNDECLARED_SELECTOR = YES;
				GCC_WARN_UNINITIALIZED_AUTOS = YES_AGGRESSIVE;
				GCC_WARN_UNUSED_FUNCTION = YES;
				GCC_WARN_UNUSED_VARIABLE = YES;
				IPHONEOS_DEPLOYMENT_TARGET = 18.2;
				LOCALIZATION_PREFERS_STRING_CATALOGS = YES;
				MTL_ENABLE_DEBUG_INFO = NO;
				MTL_FAST_MATH = YES;
				SDKROOT = iphoneos;
				SWIFT_COMPILATION_MODE = wholemodule;
				VALIDATE_PRODUCT = YES;
			};
			name = Release;
		};
		A05E50192E49C923005A1DE2 /* Debug */ = {
			isa = XCBuildConfiguration;
			baseConfigurationReference = 1A9137B33123A248A52D1444 /* Pods-MealsApp.debug.xcconfig */;
			buildSettings = {
				ASSETCATALOG_COMPILER_APPICON_NAME = AppIcon;
				ASSETCATALOG_COMPILER_GLOBAL_ACCENT_COLOR_NAME = AccentColor;
				CODE_SIGN_STYLE = Automatic;
				CURRENT_PROJECT_VERSION = 1;
				DEVELOPMENT_ASSET_PATHS = "\"MealsApp/Preview Content\"";
				DEVELOPMENT_TEAM = KCZ9U3V7VQ;
				ENABLE_PREVIEWS = YES;
				ENABLE_USER_SCRIPT_SANDBOXING = NO;
				GENERATE_INFOPLIST_FILE = YES;
				INFOPLIST_FILE = MealsApp/Info.plist;
				INFOPLIST_KEY_UIApplicationSceneManifest_Generation = YES;
				INFOPLIST_KEY_UIApplicationSupportsIndirectInputEvents = YES;
				INFOPLIST_KEY_UILaunchScreen_Generation = YES;
				INFOPLIST_KEY_UISupportedInterfaceOrientations_iPad = "UIInterfaceOrientationPortrait UIInterfaceOrientationPortraitUpsideDown UIInterfaceOrientationLandscapeLeft UIInterfaceOrientationLandscapeRight";
				INFOPLIST_KEY_UISupportedInterfaceOrientations_iPhone = "UIInterfaceOrientationPortrait UIInterfaceOrientationLandscapeLeft UIInterfaceOrientationLandscapeRight";
				LD_RUNPATH_SEARCH_PATHS = (
					"$(inherited)",
					"@executable_path/Frameworks",
				);
				MARKETING_VERSION = 1.0;
				PRODUCT_BUNDLE_IDENTIFIER = id.ios.rajaongkirios.MealsApp;
				PRODUCT_NAME = "$(TARGET_NAME)";
				SWIFT_EMIT_LOC_STRINGS = YES;
				SWIFT_VERSION = 5.0;
				TARGETED_DEVICE_FAMILY = "1,2";
			};
			name = Debug;
		};
		A05E501A2E49C923005A1DE2 /* Release */ = {
			isa = XCBuildConfiguration;
			baseConfigurationReference = 2AAE031F30AFE6E3BBD7FAFA /* Pods-MealsApp.release.xcconfig */;
			buildSettings = {
				ASSETCATALOG_COMPILER_APPICON_NAME = AppIcon;
				ASSETCATALOG_COMPILER_GLOBAL_ACCENT_COLOR_NAME = AccentColor;
				CODE_SIGN_STYLE = Automatic;
				CURRENT_PROJECT_VERSION = 1;
				DEVELOPMENT_ASSET_PATHS = "\"MealsApp/Preview Content\"";
				DEVELOPMENT_TEAM = KCZ9U3V7VQ;
				ENABLE_PREVIEWS = YES;
				ENABLE_USER_SCRIPT_SANDBOXING = NO;
				GENERATE_INFOPLIST_FILE = YES;
				INFOPLIST_FILE = MealsApp/Info.plist;
				INFOPLIST_KEY_UIApplicationSceneManifest_Generation = YES;
				INFOPLIST_KEY_UIApplicationSupportsIndirectInputEvents = YES;
				INFOPLIST_KEY_UILaunchScreen_Generation = YES;
				INFOPLIST_KEY_UISupportedInterfaceOrientations_iPad = "UIInterfaceOrientationPortrait UIInterfaceOrientationPortraitUpsideDown UIInterfaceOrientationLandscapeLeft UIInterfaceOrientationLandscapeRight";
				INFOPLIST_KEY_UISupportedInterfaceOrientations_iPhone = "UIInterfaceOrientationPortrait UIInterfaceOrientationLandscapeLeft UIInterfaceOrientationLandscapeRight";
				LD_RUNPATH_SEARCH_PATHS = (
					"$(inherited)",
					"@executable_path/Frameworks",
				);
				MARKETING_VERSION = 1.0;
				PRODUCT_BUNDLE_IDENTIFIER = id.ios.rajaongkirios.MealsApp;
				PRODUCT_NAME = "$(TARGET_NAME)";
				SWIFT_EMIT_LOC_STRINGS = YES;
				SWIFT_VERSION = 5.0;
				TARGETED_DEVICE_FAMILY = "1,2";
			};
			name = Release;
		};
		A05E501C2E49C923005A1DE2 /* Debug */ = {
			isa = XCBuildConfiguration;
			baseConfigurationReference = EB79EB26B2CF069750D7DBED /* Pods-MealsAppTests.debug.xcconfig */;
			buildSettings = {
				BUNDLE_LOADER = "$(TEST_HOST)";
				CODE_SIGN_STYLE = Automatic;
				CURRENT_PROJECT_VERSION = 1;
				DEVELOPMENT_TEAM = KCZ9U3V7VQ;
				GENERATE_INFOPLIST_FILE = YES;
				IPHONEOS_DEPLOYMENT_TARGET = 18.2;
				MARKETING_VERSION = 1.0;
				PRODUCT_BUNDLE_IDENTIFIER = id.ios.rajaongkirios.MealsAppTests;
				PRODUCT_NAME = "$(TARGET_NAME)";
				SWIFT_EMIT_LOC_STRINGS = NO;
				SWIFT_VERSION = 5.0;
				TARGETED_DEVICE_FAMILY = "1,2";
				TEST_HOST = "$(BUILT_PRODUCTS_DIR)/MealsApp.app/$(BUNDLE_EXECUTABLE_FOLDER_PATH)/MealsApp";
			};
			name = Debug;
		};
		A05E501D2E49C923005A1DE2 /* Release */ = {
			isa = XCBuildConfiguration;
			baseConfigurationReference = 3B45C0345755852588FB10A0 /* Pods-MealsAppTests.release.xcconfig */;
			buildSettings = {
				BUNDLE_LOADER = "$(TEST_HOST)";
				CODE_SIGN_STYLE = Automatic;
				CURRENT_PROJECT_VERSION = 1;
				DEVELOPMENT_TEAM = KCZ9U3V7VQ;
				GENERATE_INFOPLIST_FILE = YES;
				IPHONEOS_DEPLOYMENT_TARGET = 18.2;
				MARKETING_VERSION = 1.0;
				PRODUCT_BUNDLE_IDENTIFIER = id.ios.rajaongkirios.MealsAppTests;
				PRODUCT_NAME = "$(TARGET_NAME)";
				SWIFT_EMIT_LOC_STRINGS = NO;
				SWIFT_VERSION = 5.0;
				TARGETED_DEVICE_FAMILY = "1,2";
				TEST_HOST = "$(BUILT_PRODUCTS_DIR)/MealsApp.app/$(BUNDLE_EXECUTABLE_FOLDER_PATH)/MealsApp";
			};
			name = Release;
		};
		A05E501F2E49C923005A1DE2 /* Debug */ = {
			isa = XCBuildConfiguration;
			baseConfigurationReference = E10FE8E7DD46E8E2AB4C1577 /* Pods-MealsApp-MealsAppUITests.debug.xcconfig */;
			buildSettings = {
				CODE_SIGN_STYLE = Automatic;
				CURRENT_PROJECT_VERSION = 1;
				DEVELOPMENT_TEAM = KCZ9U3V7VQ;
				GENERATE_INFOPLIST_FILE = YES;
				MARKETING_VERSION = 1.0;
				PRODUCT_BUNDLE_IDENTIFIER = id.ios.rajaongkirios.MealsAppUITests;
				PRODUCT_NAME = "$(TARGET_NAME)";
				SWIFT_EMIT_LOC_STRINGS = NO;
				SWIFT_VERSION = 5.0;
				TARGETED_DEVICE_FAMILY = "1,2";
				TEST_TARGET_NAME = MealsApp;
			};
			name = Debug;
		};
		A05E50202E49C923005A1DE2 /* Release */ = {
			isa = XCBuildConfiguration;
			baseConfigurationReference = FB8F6DA96AA98A50A959785D /* Pods-MealsApp-MealsAppUITests.release.xcconfig */;
			buildSettings = {
				CODE_SIGN_STYLE = Automatic;
				CURRENT_PROJECT_VERSION = 1;
				DEVELOPMENT_TEAM = KCZ9U3V7VQ;
				GENERATE_INFOPLIST_FILE = YES;
				MARKETING_VERSION = 1.0;
				PRODUCT_BUNDLE_IDENTIFIER = id.ios.rajaongkirios.MealsAppUITests;
				PRODUCT_NAME = "$(TARGET_NAME)";
				SWIFT_EMIT_LOC_STRINGS = NO;
				SWIFT_VERSION = 5.0;
				TARGETED_DEVICE_FAMILY = "1,2";
				TEST_TARGET_NAME = MealsApp;
			};
			name = Release;
		};
/* End XCBuildConfiguration section */

/* Begin XCConfigurationList section */
		A05E4FEF2E49C921005A1DE2 /* Build configuration list for PBXProject "MealsApp" */ = {
			isa = XCConfigurationList;
			buildConfigurations = (
				A05E50162E49C923005A1DE2 /* Debug */,
				A05E50172E49C923005A1DE2 /* Release */,
			);
			defaultConfigurationIsVisible = 0;
			defaultConfigurationName = Release;
		};
		A05E50182E49C923005A1DE2 /* Build configuration list for PBXNativeTarget "MealsApp" */ = {
			isa = XCConfigurationList;
			buildConfigurations = (
				A05E50192E49C923005A1DE2 /* Debug */,
				A05E501A2E49C923005A1DE2 /* Release */,
			);
			defaultConfigurationIsVisible = 0;
			defaultConfigurationName = Release;
		};
		A05E501B2E49C923005A1DE2 /* Build configuration list for PBXNativeTarget "MealsAppTests" */ = {
			isa = XCConfigurationList;
			buildConfigurations = (
				A05E501C2E49C923005A1DE2 /* Debug */,
				A05E501D2E49C923005A1DE2 /* Release */,
			);
			defaultConfigurationIsVisible = 0;
			defaultConfigurationName = Release;
		};
		A05E501E2E49C923005A1DE2 /* Build configuration list for PBXNativeTarget "MealsAppUITests" */ = {
			isa = XCConfigurationList;
			buildConfigurations = (
				A05E501F2E49C923005A1DE2 /* Debug */,
				A05E50202E49C923005A1DE2 /* Release */,
			);
			defaultConfigurationIsVisible = 0;
			defaultConfigurationName = Release;
		};
/* End XCConfigurationList section */

/* Begin XCLocalSwiftPackageReference section */
		A00EF6872E9FA03E00411337 /* XCLocalSwiftPackageReference "../Modules/Meal" */ = {
			isa = XCLocalSwiftPackageReference;
			relativePath = ../Modules/Meal;
		};
		A0C538D42E94FC08003BF52C /* XCLocalSwiftPackageReference "../Modules/Core" */ = {
			isa = XCLocalSwiftPackageReference;
			relativePath = ../Modules/Core;
		};
		A0C538D52E94FC32003BF52C /* XCLocalSwiftPackageReference "../Modules/Category" */ = {
			isa = XCLocalSwiftPackageReference;
			relativePath = ../Modules/Category;
		};
/* End XCLocalSwiftPackageReference section */

/* Begin XCRemoteSwiftPackageReference section */
		A00E5DE02E4EFFAD009B5564 /* XCRemoteSwiftPackageReference "Alamofire" */ = {
			isa = XCRemoteSwiftPackageReference;
			repositoryURL = "https://github.com/Alamofire/Alamofire";
			requirement = {
				kind = exactVersion;
				version = 5.10.2;
			};
		};
		A00E5EB42E504854009B5564 /* XCRemoteSwiftPackageReference "realm-swift" */ = {
			isa = XCRemoteSwiftPackageReference;
			repositoryURL = "https://github.com/realm/realm-swift";
			requirement = {
				branch = master;
				kind = branch;
			};
		};
		A0A982CC2E7A9B2F00ED6C7A /* XCRemoteSwiftPackageReference "swiftui-cached-async-image" */ = {
			isa = XCRemoteSwiftPackageReference;
			repositoryURL = "https://github.com/lorenzofiamingo/swiftui-cached-async-image";
			requirement = {
				kind = upToNextMajorVersion;
				minimumVersion = 2.1.1;
			};
		};
/* End XCRemoteSwiftPackageReference section */

/* Begin XCSwiftPackageProductDependency section */
		A00E5E2C2E4F003B009B5564 /* Alamofire */ = {
			isa = XCSwiftPackageProductDependency;
			package = A00E5DE02E4EFFAD009B5564 /* XCRemoteSwiftPackageReference "Alamofire" */;
			productName = Alamofire;
		};
		A00E5EB52E504854009B5564 /* RealmSwift */ = {
			isa = XCSwiftPackageProductDependency;
			package = A00E5EB42E504854009B5564 /* XCRemoteSwiftPackageReference "realm-swift" */;
			productName = RealmSwift;
		};
		A00EF6882E9FA03E00411337 /* Meal */ = {
			isa = XCSwiftPackageProductDependency;
			productName = Meal;
		};
		A0A982CD2E7A9B2F00ED6C7A /* CachedAsyncImage */ = {
			isa = XCSwiftPackageProductDependency;
			package = A0A982CC2E7A9B2F00ED6C7A /* XCRemoteSwiftPackageReference "swiftui-cached-async-image" */;
			productName = CachedAsyncImage;
		};
		A0C53ABF2E950171003BF52C /* Core */ = {
			isa = XCSwiftPackageProductDependency;
			package = A0C538D42E94FC08003BF52C /* XCLocalSwiftPackageReference "../Modules/Core" */;
			productName = Core;
		};
		A0C53AC12E950176003BF52C /* Category */ = {
			isa = XCSwiftPackageProductDependency;
			package = A0C538D52E94FC32003BF52C /* XCLocalSwiftPackageReference "../Modules/Category" */;
			productName = Category;
		};
/* End XCSwiftPackageProductDependency section */
	};
	rootObject = A05E4FEC2E49C921005A1DE2 /* Project object */;
}
